// !$*UTF8*$!
{
	archiveVersion = 1;
	classes = {
	};
	objectVersion = 56;
	objects = {

		/* Begin PBXBuildFile section */
			A5001001 /* cmuxApp.swift in Sources */ = {isa = PBXBuildFile; fileRef = A5001011 /* cmuxApp.swift */; };
			A5001002 /* ContentView.swift in Sources */ = {isa = PBXBuildFile; fileRef = A5001012 /* ContentView.swift */; };
			E62155868BB29FEB5DAAAF25 /* SidebarSelectionState.swift in Sources */ = {isa = PBXBuildFile; fileRef = 9AD52285508B1D6A9875E7B3 /* SidebarSelectionState.swift */; };
			B9000018A1B2C3D4E5F60719 /* WindowDragHandleView.swift in Sources */ = {isa = PBXBuildFile; fileRef = B9000017A1B2C3D4E5F60719 /* WindowDragHandleView.swift */; };
			A5001003 /* TabManager.swift in Sources */ = {isa = PBXBuildFile; fileRef = A5001013 /* TabManager.swift */; };
			A5001004 /* GhosttyConfig.swift in Sources */ = {isa = PBXBuildFile; fileRef = A5001014 /* GhosttyConfig.swift */; };
			A5001005 /* GhosttyTerminalView.swift in Sources */ = {isa = PBXBuildFile; fileRef = A5001015 /* GhosttyTerminalView.swift */; };
			A5001532 /* TerminalWindowPortal.swift in Sources */ = {isa = PBXBuildFile; fileRef = A5001531 /* TerminalWindowPortal.swift */; };
			A5001534 /* BrowserWindowPortal.swift in Sources */ = {isa = PBXBuildFile; fileRef = A5001533 /* BrowserWindowPortal.swift */; };
		A5001540 /* PortScanner.swift in Sources */ = {isa = PBXBuildFile; fileRef = A5001541 /* PortScanner.swift */; };
		A5001542 /* TerminalImageTransfer.swift in Sources */ = {isa = PBXBuildFile; fileRef = A5001544 /* TerminalImageTransfer.swift */; };
		A5001543 /* TerminalSSHSessionDetector.swift in Sources */ = {isa = PBXBuildFile; fileRef = A5001545 /* TerminalSSHSessionDetector.swift */; };
			A5001006 /* GhosttyKit.xcframework in Frameworks */ = {isa = PBXBuildFile; fileRef = A5001016 /* GhosttyKit.xcframework */; };
		A5001007 /* TerminalController.swift in Sources */ = {isa = PBXBuildFile; fileRef = A5001019 /* TerminalController.swift */; };
		A5001500 /* CmuxWebView.swift in Sources */ = {isa = PBXBuildFile; fileRef = A5001510 /* CmuxWebView.swift */; };
		A5001501 /* UITestRecorder.swift in Sources */ = {isa = PBXBuildFile; fileRef = A5001511 /* UITestRecorder.swift */; };
		A5001226 /* SocketControlSettings.swift in Sources */ = {isa = PBXBuildFile; fileRef = A5001225 /* SocketControlSettings.swift */; };
		A5001601 /* SentryHelper.swift in Sources */ = {isa = PBXBuildFile; fileRef = A5001600 /* SentryHelper.swift */; };
		A5001621 /* AppleScriptSupport.swift in Sources */ = {isa = PBXBuildFile; fileRef = A5001620 /* AppleScriptSupport.swift */; };
		A5001400 /* Panel.swift in Sources */ = {isa = PBXBuildFile; fileRef = A5001410 /* Panel.swift */; };
		A5001401 /* TerminalPanel.swift in Sources */ = {isa = PBXBuildFile; fileRef = A5001411 /* TerminalPanel.swift */; };
		A5001402 /* BrowserPanel.swift in Sources */ = {isa = PBXBuildFile; fileRef = A5001412 /* BrowserPanel.swift */; };
		A5001403 /* TerminalPanelView.swift in Sources */ = {isa = PBXBuildFile; fileRef = A5001413 /* TerminalPanelView.swift */; };
		A5001404 /* BrowserPanelView.swift in Sources */ = {isa = PBXBuildFile; fileRef = A5001414 /* BrowserPanelView.swift */; };
		A5007420 /* BrowserPopupWindowController.swift in Sources */ = {isa = PBXBuildFile; fileRef = A5007421 /* BrowserPopupWindowController.swift */; };
		A5001420 /* MarkdownPanel.swift in Sources */ = {isa = PBXBuildFile; fileRef = A5001418 /* MarkdownPanel.swift */; };
		A5001421 /* MarkdownPanelView.swift in Sources */ = {isa = PBXBuildFile; fileRef = A5001419 /* MarkdownPanelView.swift */; };
		A5001290 /* MarkdownUI in Frameworks */ = {isa = PBXBuildFile; productRef = A5001291 /* MarkdownUI */; };
		A5001405 /* PanelContentView.swift in Sources */ = {isa = PBXBuildFile; fileRef = A5001415 /* PanelContentView.swift */; };
		A5001406 /* Workspace.swift in Sources */ = {isa = PBXBuildFile; fileRef = A5001416 /* Workspace.swift */; };
		A5001407 /* WorkspaceContentView.swift in Sources */ = {isa = PBXBuildFile; fileRef = A5001417 /* WorkspaceContentView.swift */; };
			A5001093 /* AppDelegate.swift in Sources */ = {isa = PBXBuildFile; fileRef = A5001090 /* AppDelegate.swift */; };
			A5001094 /* NotificationsPage.swift in Sources */ = {isa = PBXBuildFile; fileRef = A5001091 /* NotificationsPage.swift */; };
			A5001095 /* TerminalNotificationStore.swift in Sources */ = {isa = PBXBuildFile; fileRef = A5001092 /* TerminalNotificationStore.swift */; };
			A5001250 /* Sentry in Frameworks */ = {isa = PBXBuildFile; productRef = A5001251 /* Sentry */; };
			B9000024A1B2C3D4E5F60719 /* Sentry in Frameworks */ = {isa = PBXBuildFile; productRef = A5001251 /* Sentry */; };
			A5001270 /* PostHog in Frameworks */ = {isa = PBXBuildFile; productRef = A5001271 /* PostHog */; };
			A5001303 /* SurfaceSearchOverlay.swift in Sources */ = {isa = PBXBuildFile; fileRef = A5001301 /* SurfaceSearchOverlay.swift */; };
			A5008371 /* BrowserSearchOverlay.swift in Sources */ = {isa = PBXBuildFile; fileRef = A5008370 /* BrowserSearchOverlay.swift */; };
			A5008373 /* BrowserFindJavaScript.swift in Sources */ = {isa = PBXBuildFile; fileRef = A5008372 /* BrowserFindJavaScript.swift */; };
			A50012F1 /* Backport.swift in Sources */ = {isa = PBXBuildFile; fileRef = A50012F0 /* Backport.swift */; };
			A50012F3 /* KeyboardShortcutSettings.swift in Sources */ = {isa = PBXBuildFile; fileRef = A50012F2 /* KeyboardShortcutSettings.swift */; };
			A50012F5 /* KeyboardLayout.swift in Sources */ = {isa = PBXBuildFile; fileRef = A50012F4 /* KeyboardLayout.swift */; };
			A5001521 /* PostHogAnalytics.swift in Sources */ = {isa = PBXBuildFile; fileRef = A5001520 /* PostHogAnalytics.swift */; };
			A5001201 /* UpdateController.swift in Sources */ = {isa = PBXBuildFile; fileRef = A5001211 /* UpdateController.swift */; };
		A5001202 /* UpdateDelegate.swift in Sources */ = {isa = PBXBuildFile; fileRef = A5001212 /* UpdateDelegate.swift */; };
		A5001203 /* UpdateDriver.swift in Sources */ = {isa = PBXBuildFile; fileRef = A5001213 /* UpdateDriver.swift */; };
		A5001204 /* UpdateViewModel.swift in Sources */ = {isa = PBXBuildFile; fileRef = A5001214 /* UpdateViewModel.swift */; };
		A5001205 /* UpdatePill.swift in Sources */ = {isa = PBXBuildFile; fileRef = A5001215 /* UpdatePill.swift */; };
		A5001206 /* UpdateBadge.swift in Sources */ = {isa = PBXBuildFile; fileRef = A5001216 /* UpdateBadge.swift */; };
		A500120A /* UpdateTiming.swift in Sources */ = {isa = PBXBuildFile; fileRef = A5001220 /* UpdateTiming.swift */; };
		A500120B /* UpdateTestSupport.swift in Sources */ = {isa = PBXBuildFile; fileRef = A5001221 /* UpdateTestSupport.swift */; };
		A500120E /* UpdateTestURLProtocol.swift in Sources */ = {isa = PBXBuildFile; fileRef = A5001224 /* UpdateTestURLProtocol.swift */; };
		A500120C /* WindowAccessor.swift in Sources */ = {isa = PBXBuildFile; fileRef = A5001222 /* WindowAccessor.swift */; };
		A500120D /* UpdateLogStore.swift in Sources */ = {isa = PBXBuildFile; fileRef = A5001223 /* UpdateLogStore.swift */; };
		A5001207 /* UpdatePopoverView.swift in Sources */ = {isa = PBXBuildFile; fileRef = A5001217 /* UpdatePopoverView.swift */; };
		A5001208 /* UpdateTitlebarAccessory.swift in Sources */ = {isa = PBXBuildFile; fileRef = A5001218 /* UpdateTitlebarAccessory.swift */; };
		A5001209 /* WindowToolbarController.swift in Sources */ = {isa = PBXBuildFile; fileRef = A5001219 /* WindowToolbarController.swift */; };
		A5001240 /* WindowDecorationsController.swift in Sources */ = {isa = PBXBuildFile; fileRef = A5001241 /* WindowDecorationsController.swift */; };
		A5001610 /* SessionPersistence.swift in Sources */ = {isa = PBXBuildFile; fileRef = A5001611 /* SessionPersistence.swift */; };
		A5001640 /* RemoteRelayZshBootstrap.swift in Sources */ = {isa = PBXBuildFile; fileRef = A5001641 /* RemoteRelayZshBootstrap.swift */; };
		A5001100 /* Assets.xcassets in Resources */ = {isa = PBXBuildFile; fileRef = A5001101 /* Assets.xcassets */; };
		A5001230 /* Sparkle in Frameworks */ = {isa = PBXBuildFile; productRef = A5001231 /* Sparkle */; };
		B9000002A1B2C3D4E5F60719 /* cmux.swift in Sources */ = {isa = PBXBuildFile; fileRef = B9000001A1B2C3D4E5F60719 /* cmux.swift */; };
		B9000027A1B2C3D4E5F60719 /* RemoteRelayZshBootstrap.swift in Sources */ = {isa = PBXBuildFile; fileRef = A5001641 /* RemoteRelayZshBootstrap.swift */; };
		B900000BA1B2C3D4E5F60719 /* cmux in Copy CLI */ = {isa = PBXBuildFile; fileRef = B9000004A1B2C3D4E5F60719 /* cmux */; };
		C1ADE00002A1B2C3D4E5F719 /* claude in Copy CLI */ = {isa = PBXBuildFile; fileRef = C1ADE00001A1B2C3D4E5F719 /* claude */; };
		D1BEF00002A1B2C3D4E5F719 /* open in Copy CLI */ = {isa = PBXBuildFile; fileRef = D1BEF00001A1B2C3D4E5F719 /* open */; };
		84E00D47E4584162AE53BC8D /* xterm-ghostty in Resources */ = {isa = PBXBuildFile; fileRef = B2E7294509CC42FE9191870E /* xterm-ghostty */; };
		A5002000 /* THIRD_PARTY_LICENSES.md in Resources */ = {isa = PBXBuildFile; fileRef = A5002001 /* THIRD_PARTY_LICENSES.md */; };
			B9000012A1B2C3D4E5F60719 /* AutomationSocketUITests.swift in Sources */ = {isa = PBXBuildFile; fileRef = B9000011A1B2C3D4E5F60719 /* AutomationSocketUITests.swift */; };
			B8F266236A1A3D9A45BD840F /* SidebarResizeUITests.swift in Sources */ = {isa = PBXBuildFile; fileRef = 818DBCD4AB69EB72573E8138 /* SidebarResizeUITests.swift */; };
			B8F266246A1A3D9A45BD840F /* SidebarHelpMenuUITests.swift in Sources */ = {isa = PBXBuildFile; fileRef = B8F266256A1A3D9A45BD840F /* SidebarHelpMenuUITests.swift */; };
			B8F266266A1A3D9A45BD840F /* DisplayResolutionRegressionUITests.swift in Sources */ = {isa = PBXBuildFile; fileRef = B8F266276A1A3D9A45BD840F /* DisplayResolutionRegressionUITests.swift */; };
			C0B4D9B0A1B2C3D4E5F60718 /* UpdatePillUITests.swift in Sources */ = {isa = PBXBuildFile; fileRef = C0B4D9B1A1B2C3D4E5F60718 /* UpdatePillUITests.swift */; };
					B9000014A1B2C3D4E5F60719 /* JumpToUnreadUITests.swift in Sources */ = {isa = PBXBuildFile; fileRef = B9000013A1B2C3D4E5F60719 /* JumpToUnreadUITests.swift */; };
					B9000015A1B2C3D4E5F60719 /* MultiWindowNotificationsUITests.swift in Sources */ = {isa = PBXBuildFile; fileRef = B9000016A1B2C3D4E5F60719 /* MultiWindowNotificationsUITests.swift */; };
					B900001AA1B2C3D4E5F60719 /* CloseWorkspaceConfirmDialogUITests.swift in Sources */ = {isa = PBXBuildFile; fileRef = B9000019A1B2C3D4E5F60719 /* CloseWorkspaceConfirmDialogUITests.swift */; };
					B9000023A1B2C3D4E5F60719 /* CloseWorkspaceCmdDUITests.swift in Sources */ = {isa = PBXBuildFile; fileRef = B9000022A1B2C3D4E5F60719 /* CloseWorkspaceCmdDUITests.swift */; };
					B9000025A1B2C3D4E5F60719 /* CloseWindowConfirmDialogUITests.swift in Sources */ = {isa = PBXBuildFile; fileRef = B9000026A1B2C3D4E5F60719 /* CloseWindowConfirmDialogUITests.swift */; };
					D0E0F0B0A1B2C3D4E5F60718 /* BrowserPaneNavigationKeybindUITests.swift in Sources */ = {isa = PBXBuildFile; fileRef = D0E0F0B1A1B2C3D4E5F60718 /* BrowserPaneNavigationKeybindUITests.swift */; };
					D0E0F0B2A1B2C3D4E5F60718 /* BrowserOmnibarSuggestionsUITests.swift in Sources */ = {isa = PBXBuildFile; fileRef = D0E0F0B3A1B2C3D4E5F60718 /* BrowserOmnibarSuggestionsUITests.swift */; };
					FB100000A1B2C3D4E5F60718 /* BrowserImportProfilesUITests.swift in Sources */ = {isa = PBXBuildFile; fileRef = FB100001A1B2C3D4E5F60718 /* BrowserImportProfilesUITests.swift */; };
					E1000000A1B2C3D4E5F60718 /* MenuKeyEquivalentRoutingUITests.swift in Sources */ = {isa = PBXBuildFile; fileRef = E1000001A1B2C3D4E5F60718 /* MenuKeyEquivalentRoutingUITests.swift */; };
					F2000000A1B2C3D4E5F60718 /* UpdatePillReleaseVisibilityTests.swift in Sources */ = {isa = PBXBuildFile; fileRef = F2000001A1B2C3D4E5F60718 /* UpdatePillReleaseVisibilityTests.swift */; };
					F3000000A1B2C3D4E5F60718 /* CJKIMEInputTests.swift in Sources */ = {isa = PBXBuildFile; fileRef = F3000001A1B2C3D4E5F60718 /* CJKIMEInputTests.swift */; };
					F4000000A1B2C3D4E5F60718 /* GhosttyConfigTests.swift in Sources */ = {isa = PBXBuildFile; fileRef = F4000001A1B2C3D4E5F60718 /* GhosttyConfigTests.swift */; };
					F5000000A1B2C3D4E5F60718 /* SessionPersistenceTests.swift in Sources */ = {isa = PBXBuildFile; fileRef = F5000001A1B2C3D4E5F60718 /* SessionPersistenceTests.swift */; };
					FA100000A1B2C3D4E5F60718 /* BrowserImportMappingTests.swift in Sources */ = {isa = PBXBuildFile; fileRef = FA100001A1B2C3D4E5F60718 /* BrowserImportMappingTests.swift */; };
					F6000000A1B2C3D4E5F60718 /* AppDelegateShortcutRoutingTests.swift in Sources */ = {isa = PBXBuildFile; fileRef = F6000001A1B2C3D4E5F60718 /* AppDelegateShortcutRoutingTests.swift */; };
					F6100000A1B2C3D4E5F60718 /* WorkspaceRemoteConnectionTests.swift in Sources */ = {isa = PBXBuildFile; fileRef = F6100001A1B2C3D4E5F60718 /* WorkspaceRemoteConnectionTests.swift */; };
					F7000000A1B2C3D4E5F60718 /* WorkspaceContentViewVisibilityTests.swift in Sources */ = {isa = PBXBuildFile; fileRef = F7000001A1B2C3D4E5F60718 /* WorkspaceContentViewVisibilityTests.swift */; };
					F8000000A1B2C3D4E5F60718 /* SocketControlPasswordStoreTests.swift in Sources */ = {isa = PBXBuildFile; fileRef = F8000001A1B2C3D4E5F60718 /* SocketControlPasswordStoreTests.swift */; };
					F9000000A1B2C3D4E5F60718 /* GhosttyEnsureFocusWindowActivationTests.swift in Sources */ = {isa = PBXBuildFile; fileRef = F9000001A1B2C3D4E5F60718 /* GhosttyEnsureFocusWindowActivationTests.swift */; };
					F1C1AA21B7E84D10A1C10001 /* InactivePaneFirstClickFocusTests.swift in Sources */ = {isa = PBXBuildFile; fileRef = F1C1AA20B7E84D10A1C10001 /* InactivePaneFirstClickFocusTests.swift */; };
					FA000000A1B2C3D4E5F60718 /* WorkspaceStressProfileTests.swift in Sources */ = {isa = PBXBuildFile; fileRef = FA000001A1B2C3D4E5F60718 /* WorkspaceStressProfileTests.swift */; };
					A5008381 /* BrowserFindJavaScriptTests.swift in Sources */ = {isa = PBXBuildFile; fileRef = A5008380 /* BrowserFindJavaScriptTests.swift */; };
					A5008383 /* CommandPaletteSearchEngineTests.swift in Sources */ = {isa = PBXBuildFile; fileRef = A5008382 /* CommandPaletteSearchEngineTests.swift */; };
		DA7A10CA710E000000000003 /* Localizable.xcstrings in Resources */ = {isa = PBXBuildFile; fileRef = DA7A10CA710E000000000001 /* Localizable.xcstrings */; };
		DA7A10CA710E000000000004 /* InfoPlist.xcstrings in Resources */ = {isa = PBXBuildFile; fileRef = DA7A10CA710E000000000002 /* InfoPlist.xcstrings */; };
		A5001623 /* cmux.sdef in Resources */ = {isa = PBXBuildFile; fileRef = A5001622 /* cmux.sdef */; };
						E12E88F82733EC42F32C36A3 /* BrowserConfigTests.swift in Sources */ = {isa = PBXBuildFile; fileRef = 970226F3C99D0D937CD00539 /* BrowserConfigTests.swift */; };
					1F14445B9627DE9D3AF4FD2E /* BrowserPanelTests.swift in Sources */ = {isa = PBXBuildFile; fileRef = 58C7B1B978620BE162CC057E /* BrowserPanelTests.swift */; };
					46F6AC15863EC84DCD3770A2 /* TerminalAndGhosttyTests.swift in Sources */ = {isa = PBXBuildFile; fileRef = 02FC74F2C27127CC565B3E8C /* TerminalAndGhosttyTests.swift */; };
					6B524A0BA34FD46A771335AB /* WorkspaceUnitTests.swift in Sources */ = {isa = PBXBuildFile; fileRef = 71F8ED91A4B55D34BE6A0668 /* WorkspaceUnitTests.swift */; };
					063BC42CEE257D6213A2E30C /* WindowAndDragTests.swift in Sources */ = {isa = PBXBuildFile; fileRef = BEE83F8394D90ACACD8E19DD /* WindowAndDragTests.swift */; };
					1521D55DC63D5E5FC4955E31 /* ShortcutAndCommandPaletteTests.swift in Sources */ = {isa = PBXBuildFile; fileRef = 6083A7DAD962E287FC2FFE94 /* ShortcutAndCommandPaletteTests.swift */; };
					CB23911D7E131E8FBC9B82B6 /* SidebarOrderingTests.swift in Sources */ = {isa = PBXBuildFile; fileRef = BC39DE4B96D1931C52AF7D68 /* SidebarOrderingTests.swift */; };
					4378399A7C0245EF8186F306 /* OmnibarAndToolsTests.swift in Sources */ = {isa = PBXBuildFile; fileRef = B09C007F42697761B5F1A2AB /* OmnibarAndToolsTests.swift */; };
					734F49D37E543DD01C2F4FEF /* NotificationAndMenuBarTests.swift in Sources */ = {isa = PBXBuildFile; fileRef = D2C075029771815DD5DA1332 /* NotificationAndMenuBarTests.swift */; };
					B6BF3DC98DB1495E57900199 /* TabManagerUnitTests.swift in Sources */ = {isa = PBXBuildFile; fileRef = 42092CDB2109E250F7F2A76E /* TabManagerUnitTests.swift */; };
					DCC935C5F55C1DCB33E25521 /* WorkspacePullRequestSidebarTests.swift in Sources */ = {isa = PBXBuildFile; fileRef = 14A7DC53B9CA33BE2A421711 /* WorkspacePullRequestSidebarTests.swift */; };
					0F2C25F9170130F8DC09DD1B /* WorkspaceManualUnreadTests.swift in Sources */ = {isa = PBXBuildFile; fileRef = 1D301919B10F22B8708E8883 /* WorkspaceManualUnreadTests.swift */; };
					CA39C0304FE351A21C372429 /* SidebarWidthPolicyTests.swift in Sources */ = {isa = PBXBuildFile; fileRef = EE0171AF1F49F7547191CEE5 /* SidebarWidthPolicyTests.swift */; };
					8C4BBF2DEF6DF93F395A9EE7 /* TerminalControllerSocketSecurityTests.swift in Sources */ = {isa = PBXBuildFile; fileRef = 491751CE2321474474F27DCF /* TerminalControllerSocketSecurityTests.swift */; };
					2BB56A710BB1FC50367E5BCF /* TabManagerSessionSnapshotTests.swift in Sources */ = {isa = PBXBuildFile; fileRef = 10D684CFFB8CDEF89CE2D9E1 /* TabManagerSessionSnapshotTests.swift */; };
		/* End PBXBuildFile section */

/* Begin PBXCopyFilesBuildPhase section */
		A5001020 /* Embed Frameworks */ = {
			isa = PBXCopyFilesBuildPhase;
			buildActionMask = 2147483647;
			dstPath = "";
			dstSubfolderSpec = 10;
			files = (
			);
			name = "Embed Frameworks";
			runOnlyForDeploymentPostprocessing = 0;
		};
		B900000AA1B2C3D4E5F60719 /* Copy CLI */ = {
			isa = PBXCopyFilesBuildPhase;
			buildActionMask = 2147483647;
			dstPath = "bin";
			dstSubfolderSpec = 7;
			files = (
				B900000BA1B2C3D4E5F60719 /* cmux in Copy CLI */,
				C1ADE00002A1B2C3D4E5F719 /* claude in Copy CLI */,
				D1BEF00002A1B2C3D4E5F719 /* open in Copy CLI */,
			);
			name = "Copy CLI";
			runOnlyForDeploymentPostprocessing = 0;
		};
/* End PBXCopyFilesBuildPhase section */

/* Begin PBXContainerItemProxy section */
		738BF3D3196765B250928A93 /* PBXContainerItemProxy */ = {
			isa = PBXContainerItemProxy;
			containerPortal = A5001070 /* Project object */;
			proxyType = 1;
			remoteGlobalIDString = A5001050 /* GhosttyTabs */;
			remoteInfo = GhosttyTabs;
		};
		B900000DA1B2C3D4E5F60719 /* PBXContainerItemProxy */ = {
			isa = PBXContainerItemProxy;
			containerPortal = A5001070 /* Project object */;
			proxyType = 1;
			remoteGlobalIDString = B9000005A1B2C3D4E5F60719 /* cmux-cli */;
			remoteInfo = "cmux-cli";
		};
		F1000008A1B2C3D4E5F60718 /* PBXContainerItemProxy */ = {
			isa = PBXContainerItemProxy;
			containerPortal = A5001070 /* Project object */;
			proxyType = 1;
			remoteGlobalIDString = A5001050 /* GhosttyTabs */;
			remoteInfo = GhosttyTabs;
		};
/* End PBXContainerItemProxy section */

		/* Begin PBXFileReference section */
			A5001000 /* cmux.app */ = {isa = PBXFileReference; explicitFileType = wrapper.application; includeInIndex = 0; path = cmux.app; sourceTree = BUILT_PRODUCTS_DIR; };
			F1000002A1B2C3D4E5F60718 /* cmuxTests.xctest */ = {isa = PBXFileReference; explicitFileType = wrapper.cfbundle; includeInIndex = 0; path = cmuxTests.xctest; sourceTree = BUILT_PRODUCTS_DIR; };
			7E7E6EF344A568AC7FEE3715 /* cmuxUITests.xctest */ = {isa = PBXFileReference; explicitFileType = wrapper.cfbundle; includeInIndex = 0; path = cmuxUITests.xctest; sourceTree = BUILT_PRODUCTS_DIR; };
			A5001011 /* cmuxApp.swift */ = {isa = PBXFileReference; lastKnownFileType = sourcecode.swift; path = cmuxApp.swift; sourceTree = "<group>"; };
			A5001012 /* ContentView.swift */ = {isa = PBXFileReference; lastKnownFileType = sourcecode.swift; path = ContentView.swift; sourceTree = "<group>"; };
			9AD52285508B1D6A9875E7B3 /* SidebarSelectionState.swift */ = {isa = PBXFileReference; lastKnownFileType = sourcecode.swift; path = SidebarSelectionState.swift; sourceTree = "<group>"; };
			B9000017A1B2C3D4E5F60719 /* WindowDragHandleView.swift */ = {isa = PBXFileReference; lastKnownFileType = sourcecode.swift; path = WindowDragHandleView.swift; sourceTree = "<group>"; };
			A5001013 /* TabManager.swift */ = {isa = PBXFileReference; lastKnownFileType = sourcecode.swift; path = TabManager.swift; sourceTree = "<group>"; };
			A5001014 /* GhosttyConfig.swift */ = {isa = PBXFileReference; lastKnownFileType = sourcecode.swift; path = GhosttyConfig.swift; sourceTree = "<group>"; };
			A5001015 /* GhosttyTerminalView.swift */ = {isa = PBXFileReference; lastKnownFileType = sourcecode.swift; path = GhosttyTerminalView.swift; sourceTree = "<group>"; };
			A5001531 /* TerminalWindowPortal.swift */ = {isa = PBXFileReference; lastKnownFileType = sourcecode.swift; path = TerminalWindowPortal.swift; sourceTree = "<group>"; };
			A5001533 /* BrowserWindowPortal.swift */ = {isa = PBXFileReference; lastKnownFileType = sourcecode.swift; path = BrowserWindowPortal.swift; sourceTree = "<group>"; };
		A5001541 /* PortScanner.swift */ = {isa = PBXFileReference; lastKnownFileType = sourcecode.swift; path = PortScanner.swift; sourceTree = "<group>"; };
		A5001544 /* TerminalImageTransfer.swift */ = {isa = PBXFileReference; lastKnownFileType = sourcecode.swift; path = TerminalImageTransfer.swift; sourceTree = "<group>"; };
		A5001545 /* TerminalSSHSessionDetector.swift */ = {isa = PBXFileReference; lastKnownFileType = sourcecode.swift; path = TerminalSSHSessionDetector.swift; sourceTree = "<group>"; };
			A5001016 /* GhosttyKit.xcframework */ = {isa = PBXFileReference; lastKnownFileType = wrapper.xcframework; path = GhosttyKit.xcframework; sourceTree = "<group>"; };
		A5001017 /* ghostty.h */ = {isa = PBXFileReference; lastKnownFileType = sourcecode.c.h; path = ghostty.h; sourceTree = "<group>"; };
		A5001018 /* cmux-Bridging-Header.h */ = {isa = PBXFileReference; lastKnownFileType = sourcecode.c.h; path = "cmux-Bridging-Header.h"; sourceTree = "<group>"; };
		A5001019 /* TerminalController.swift */ = {isa = PBXFileReference; lastKnownFileType = sourcecode.swift; path = TerminalController.swift; sourceTree = "<group>"; };
		A5001600 /* SentryHelper.swift */ = {isa = PBXFileReference; lastKnownFileType = sourcecode.swift; path = SentryHelper.swift; sourceTree = "<group>"; };
		A5001620 /* AppleScriptSupport.swift */ = {isa = PBXFileReference; lastKnownFileType = sourcecode.swift; path = AppleScriptSupport.swift; sourceTree = "<group>"; };
			A5001510 /* CmuxWebView.swift */ = {isa = PBXFileReference; lastKnownFileType = sourcecode.swift; path = Panels/CmuxWebView.swift; sourceTree = "<group>"; };
			A5001511 /* UITestRecorder.swift */ = {isa = PBXFileReference; lastKnownFileType = sourcecode.swift; path = UITestRecorder.swift; sourceTree = "<group>"; };
			A5001520 /* PostHogAnalytics.swift */ = {isa = PBXFileReference; lastKnownFileType = sourcecode.swift; path = PostHogAnalytics.swift; sourceTree = "<group>"; };
			A5001225 /* SocketControlSettings.swift */ = {isa = PBXFileReference; lastKnownFileType = sourcecode.swift; path = SocketControlSettings.swift; sourceTree = "<group>"; };
		A5001410 /* Panel.swift */ = {isa = PBXFileReference; lastKnownFileType = sourcecode.swift; path = Panels/Panel.swift; sourceTree = "<group>"; };
		A5001411 /* TerminalPanel.swift */ = {isa = PBXFileReference; lastKnownFileType = sourcecode.swift; path = Panels/TerminalPanel.swift; sourceTree = "<group>"; };
		A5001412 /* BrowserPanel.swift */ = {isa = PBXFileReference; lastKnownFileType = sourcecode.swift; path = Panels/BrowserPanel.swift; sourceTree = "<group>"; };
		A5001413 /* TerminalPanelView.swift */ = {isa = PBXFileReference; lastKnownFileType = sourcecode.swift; path = Panels/TerminalPanelView.swift; sourceTree = "<group>"; };
		A5001414 /* BrowserPanelView.swift */ = {isa = PBXFileReference; lastKnownFileType = sourcecode.swift; path = Panels/BrowserPanelView.swift; sourceTree = "<group>"; };
		A5007421 /* BrowserPopupWindowController.swift */ = {isa = PBXFileReference; lastKnownFileType = sourcecode.swift; path = Panels/BrowserPopupWindowController.swift; sourceTree = "<group>"; };
		A5001415 /* PanelContentView.swift */ = {isa = PBXFileReference; lastKnownFileType = sourcecode.swift; path = Panels/PanelContentView.swift; sourceTree = "<group>"; };
		A5001418 /* MarkdownPanel.swift */ = {isa = PBXFileReference; lastKnownFileType = sourcecode.swift; path = Panels/MarkdownPanel.swift; sourceTree = "<group>"; };
		A5001419 /* MarkdownPanelView.swift */ = {isa = PBXFileReference; lastKnownFileType = sourcecode.swift; path = Panels/MarkdownPanelView.swift; sourceTree = "<group>"; };
		A5001416 /* Workspace.swift */ = {isa = PBXFileReference; lastKnownFileType = sourcecode.swift; path = Workspace.swift; sourceTree = "<group>"; };
		A5001417 /* WorkspaceContentView.swift */ = {isa = PBXFileReference; lastKnownFileType = sourcecode.swift; path = WorkspaceContentView.swift; sourceTree = "<group>"; };
		A5001090 /* AppDelegate.swift */ = {isa = PBXFileReference; lastKnownFileType = sourcecode.swift; path = AppDelegate.swift; sourceTree = "<group>"; };
		A5001091 /* NotificationsPage.swift */ = {isa = PBXFileReference; lastKnownFileType = sourcecode.swift; path = NotificationsPage.swift; sourceTree = "<group>"; };
		A5001092 /* TerminalNotificationStore.swift */ = {isa = PBXFileReference; lastKnownFileType = sourcecode.swift; path = TerminalNotificationStore.swift; sourceTree = "<group>"; };
		A5001301 /* SurfaceSearchOverlay.swift */ = {isa = PBXFileReference; lastKnownFileType = sourcecode.swift; path = Find/SurfaceSearchOverlay.swift; sourceTree = "<group>"; };
		A5008370 /* BrowserSearchOverlay.swift */ = {isa = PBXFileReference; lastKnownFileType = sourcecode.swift; path = Find/BrowserSearchOverlay.swift; sourceTree = "<group>"; };
		A5008372 /* BrowserFindJavaScript.swift */ = {isa = PBXFileReference; lastKnownFileType = sourcecode.swift; path = Find/BrowserFindJavaScript.swift; sourceTree = "<group>"; };
		A50012F0 /* Backport.swift */ = {isa = PBXFileReference; lastKnownFileType = sourcecode.swift; path = Backport.swift; sourceTree = "<group>"; };
		A50012F2 /* KeyboardShortcutSettings.swift */ = {isa = PBXFileReference; lastKnownFileType = sourcecode.swift; path = KeyboardShortcutSettings.swift; sourceTree = "<group>"; };
		A50012F4 /* KeyboardLayout.swift */ = {isa = PBXFileReference; lastKnownFileType = sourcecode.swift; path = KeyboardLayout.swift; sourceTree = "<group>"; };
		A5001211 /* UpdateController.swift */ = {isa = PBXFileReference; lastKnownFileType = sourcecode.swift; path = Update/UpdateController.swift; sourceTree = "<group>"; };
		A5001212 /* UpdateDelegate.swift */ = {isa = PBXFileReference; lastKnownFileType = sourcecode.swift; path = Update/UpdateDelegate.swift; sourceTree = "<group>"; };
		A5001213 /* UpdateDriver.swift */ = {isa = PBXFileReference; lastKnownFileType = sourcecode.swift; path = Update/UpdateDriver.swift; sourceTree = "<group>"; };
		A5001214 /* UpdateViewModel.swift */ = {isa = PBXFileReference; lastKnownFileType = sourcecode.swift; path = Update/UpdateViewModel.swift; sourceTree = "<group>"; };
		A5001215 /* UpdatePill.swift */ = {isa = PBXFileReference; lastKnownFileType = sourcecode.swift; path = Update/UpdatePill.swift; sourceTree = "<group>"; };
		A5001216 /* UpdateBadge.swift */ = {isa = PBXFileReference; lastKnownFileType = sourcecode.swift; path = Update/UpdateBadge.swift; sourceTree = "<group>"; };
		A5001220 /* UpdateTiming.swift */ = {isa = PBXFileReference; lastKnownFileType = sourcecode.swift; path = Update/UpdateTiming.swift; sourceTree = "<group>"; };
		A5001221 /* UpdateTestSupport.swift */ = {isa = PBXFileReference; lastKnownFileType = sourcecode.swift; path = Update/UpdateTestSupport.swift; sourceTree = "<group>"; };
		A5001224 /* UpdateTestURLProtocol.swift */ = {isa = PBXFileReference; lastKnownFileType = sourcecode.swift; path = Update/UpdateTestURLProtocol.swift; sourceTree = "<group>"; };
		A5001217 /* UpdatePopoverView.swift */ = {isa = PBXFileReference; lastKnownFileType = sourcecode.swift; path = Update/UpdatePopoverView.swift; sourceTree = "<group>"; };
		A5001218 /* UpdateTitlebarAccessory.swift */ = {isa = PBXFileReference; lastKnownFileType = sourcecode.swift; path = Update/UpdateTitlebarAccessory.swift; sourceTree = "<group>"; };
		A5001219 /* WindowToolbarController.swift */ = {isa = PBXFileReference; lastKnownFileType = sourcecode.swift; path = WindowToolbarController.swift; sourceTree = "<group>"; };
		A5001222 /* WindowAccessor.swift */ = {isa = PBXFileReference; lastKnownFileType = sourcecode.swift; path = WindowAccessor.swift; sourceTree = "<group>"; };
		A5001223 /* UpdateLogStore.swift */ = {isa = PBXFileReference; lastKnownFileType = sourcecode.swift; path = Update/UpdateLogStore.swift; sourceTree = "<group>"; };
		A5001241 /* WindowDecorationsController.swift */ = {isa = PBXFileReference; lastKnownFileType = sourcecode.swift; path = WindowDecorationsController.swift; sourceTree = "<group>"; };
		A5001611 /* SessionPersistence.swift */ = {isa = PBXFileReference; lastKnownFileType = sourcecode.swift; path = SessionPersistence.swift; sourceTree = "<group>"; };
		A5001641 /* RemoteRelayZshBootstrap.swift */ = {isa = PBXFileReference; lastKnownFileType = sourcecode.swift; path = RemoteRelayZshBootstrap.swift; sourceTree = "<group>"; };
		818DBCD4AB69EB72573E8138 /* SidebarResizeUITests.swift */ = {isa = PBXFileReference; lastKnownFileType = sourcecode.swift; path = SidebarResizeUITests.swift; sourceTree = "<group>"; };
		B8F266256A1A3D9A45BD840F /* SidebarHelpMenuUITests.swift */ = {isa = PBXFileReference; lastKnownFileType = sourcecode.swift; path = SidebarHelpMenuUITests.swift; sourceTree = "<group>"; };
		B8F266276A1A3D9A45BD840F /* DisplayResolutionRegressionUITests.swift */ = {isa = PBXFileReference; lastKnownFileType = sourcecode.swift; path = DisplayResolutionRegressionUITests.swift; sourceTree = "<group>"; };
		C0B4D9B1A1B2C3D4E5F60718 /* UpdatePillUITests.swift */ = {isa = PBXFileReference; lastKnownFileType = sourcecode.swift; path = UpdatePillUITests.swift; sourceTree = "<group>"; };
		A5001101 /* Assets.xcassets */ = {isa = PBXFileReference; lastKnownFileType = folder.assetcatalog; path = Assets.xcassets; sourceTree = "<group>"; };
		IC000002 /* AppIcon.icon */ = {isa = PBXFileReference; lastKnownFileType = folder; path = AppIcon.icon; sourceTree = "<group>"; };
		B2E7294509CC42FE9191870E /* xterm-ghostty */ = {isa = PBXFileReference; lastKnownFileType = file; path = "ghostty/terminfo/78/xterm-ghostty"; sourceTree = "<group>"; };
		C1ADE00001A1B2C3D4E5F719 /* claude */ = {isa = PBXFileReference; lastKnownFileType = text.script.sh; path = "Resources/bin/claude"; sourceTree = SOURCE_ROOT; };
		D1BEF00001A1B2C3D4E5F719 /* open */ = {isa = PBXFileReference; lastKnownFileType = text.script.sh; path = "Resources/bin/open"; sourceTree = SOURCE_ROOT; };
		A5002001 /* THIRD_PARTY_LICENSES.md */ = {isa = PBXFileReference; lastKnownFileType = net.daringfireball.markdown; path = THIRD_PARTY_LICENSES.md; sourceTree = SOURCE_ROOT; };
		B9000001A1B2C3D4E5F60719 /* cmux.swift */ = {isa = PBXFileReference; lastKnownFileType = sourcecode.swift; path = cmux.swift; sourceTree = "<group>"; };
		B9000004A1B2C3D4E5F60719 /* cmux */ = {isa = PBXFileReference; explicitFileType = "compiled.mach-o.executable"; includeInIndex = 0; path = cmux; sourceTree = BUILT_PRODUCTS_DIR; };
				B9000011A1B2C3D4E5F60719 /* AutomationSocketUITests.swift */ = {isa = PBXFileReference; lastKnownFileType = sourcecode.swift; path = AutomationSocketUITests.swift; sourceTree = "<group>"; };
					B9000013A1B2C3D4E5F60719 /* JumpToUnreadUITests.swift */ = {isa = PBXFileReference; lastKnownFileType = sourcecode.swift; path = JumpToUnreadUITests.swift; sourceTree = "<group>"; };
					B9000016A1B2C3D4E5F60719 /* MultiWindowNotificationsUITests.swift */ = {isa = PBXFileReference; lastKnownFileType = sourcecode.swift; path = MultiWindowNotificationsUITests.swift; sourceTree = "<group>"; };
					B9000019A1B2C3D4E5F60719 /* CloseWorkspaceConfirmDialogUITests.swift */ = {isa = PBXFileReference; lastKnownFileType = sourcecode.swift; path = CloseWorkspaceConfirmDialogUITests.swift; sourceTree = "<group>"; };
					B9000022A1B2C3D4E5F60719 /* CloseWorkspaceCmdDUITests.swift */ = {isa = PBXFileReference; lastKnownFileType = sourcecode.swift; path = CloseWorkspaceCmdDUITests.swift; sourceTree = "<group>"; };
					B9000026A1B2C3D4E5F60719 /* CloseWindowConfirmDialogUITests.swift */ = {isa = PBXFileReference; lastKnownFileType = sourcecode.swift; path = CloseWindowConfirmDialogUITests.swift; sourceTree = "<group>"; };
						D0E0F0B1A1B2C3D4E5F60718 /* BrowserPaneNavigationKeybindUITests.swift */ = {isa = PBXFileReference; lastKnownFileType = sourcecode.swift; path = BrowserPaneNavigationKeybindUITests.swift; sourceTree = "<group>"; };
						D0E0F0B3A1B2C3D4E5F60718 /* BrowserOmnibarSuggestionsUITests.swift */ = {isa = PBXFileReference; lastKnownFileType = sourcecode.swift; path = BrowserOmnibarSuggestionsUITests.swift; sourceTree = "<group>"; };
						FB100001A1B2C3D4E5F60718 /* BrowserImportProfilesUITests.swift */ = {isa = PBXFileReference; lastKnownFileType = sourcecode.swift; path = BrowserImportProfilesUITests.swift; sourceTree = "<group>"; };
						E1000001A1B2C3D4E5F60718 /* MenuKeyEquivalentRoutingUITests.swift */ = {isa = PBXFileReference; lastKnownFileType = sourcecode.swift; path = MenuKeyEquivalentRoutingUITests.swift; sourceTree = "<group>"; };
				F2000001A1B2C3D4E5F60718 /* UpdatePillReleaseVisibilityTests.swift */ = {isa = PBXFileReference; lastKnownFileType = sourcecode.swift; path = UpdatePillReleaseVisibilityTests.swift; sourceTree = "<group>"; };
				F3000001A1B2C3D4E5F60718 /* CJKIMEInputTests.swift */ = {isa = PBXFileReference; lastKnownFileType = sourcecode.swift; path = CJKIMEInputTests.swift; sourceTree = "<group>"; };
				F4000001A1B2C3D4E5F60718 /* GhosttyConfigTests.swift */ = {isa = PBXFileReference; lastKnownFileType = sourcecode.swift; path = GhosttyConfigTests.swift; sourceTree = "<group>"; };
				F5000001A1B2C3D4E5F60718 /* SessionPersistenceTests.swift */ = {isa = PBXFileReference; lastKnownFileType = sourcecode.swift; path = SessionPersistenceTests.swift; sourceTree = "<group>"; };
				FA100001A1B2C3D4E5F60718 /* BrowserImportMappingTests.swift */ = {isa = PBXFileReference; lastKnownFileType = sourcecode.swift; path = BrowserImportMappingTests.swift; sourceTree = "<group>"; };
				F6000001A1B2C3D4E5F60718 /* AppDelegateShortcutRoutingTests.swift */ = {isa = PBXFileReference; lastKnownFileType = sourcecode.swift; path = AppDelegateShortcutRoutingTests.swift; sourceTree = "<group>"; };
				F6100001A1B2C3D4E5F60718 /* WorkspaceRemoteConnectionTests.swift */ = {isa = PBXFileReference; lastKnownFileType = sourcecode.swift; path = WorkspaceRemoteConnectionTests.swift; sourceTree = "<group>"; };
				F7000001A1B2C3D4E5F60718 /* WorkspaceContentViewVisibilityTests.swift */ = {isa = PBXFileReference; lastKnownFileType = sourcecode.swift; path = WorkspaceContentViewVisibilityTests.swift; sourceTree = "<group>"; };
					F8000001A1B2C3D4E5F60718 /* SocketControlPasswordStoreTests.swift */ = {isa = PBXFileReference; lastKnownFileType = sourcecode.swift; path = SocketControlPasswordStoreTests.swift; sourceTree = "<group>"; };
					F9000001A1B2C3D4E5F60718 /* GhosttyEnsureFocusWindowActivationTests.swift */ = {isa = PBXFileReference; lastKnownFileType = sourcecode.swift; path = GhosttyEnsureFocusWindowActivationTests.swift; sourceTree = "<group>"; };
					F1C1AA20B7E84D10A1C10001 /* InactivePaneFirstClickFocusTests.swift */ = {isa = PBXFileReference; lastKnownFileType = sourcecode.swift; path = InactivePaneFirstClickFocusTests.swift; sourceTree = "<group>"; };
					FA000001A1B2C3D4E5F60718 /* WorkspaceStressProfileTests.swift */ = {isa = PBXFileReference; lastKnownFileType = sourcecode.swift; path = WorkspaceStressProfileTests.swift; sourceTree = "<group>"; };
					A5008380 /* BrowserFindJavaScriptTests.swift */ = {isa = PBXFileReference; lastKnownFileType = sourcecode.swift; path = BrowserFindJavaScriptTests.swift; sourceTree = "<group>"; };
				A5008382 /* CommandPaletteSearchEngineTests.swift */ = {isa = PBXFileReference; lastKnownFileType = sourcecode.swift; path = CommandPaletteSearchEngineTests.swift; sourceTree = "<group>"; };
		DA7A10CA710E000000000001 /* Localizable.xcstrings */ = {isa = PBXFileReference; lastKnownFileType = text.json.xcstrings; path = Localizable.xcstrings; sourceTree = "<group>"; };
		DA7A10CA710E000000000002 /* InfoPlist.xcstrings */ = {isa = PBXFileReference; lastKnownFileType = text.json.xcstrings; path = InfoPlist.xcstrings; sourceTree = "<group>"; };
		A5001622 /* cmux.sdef */ = {isa = PBXFileReference; lastKnownFileType = text.sdef; path = cmux.sdef; sourceTree = "<group>"; };
				970226F3C99D0D937CD00539 /* BrowserConfigTests.swift */ = {isa = PBXFileReference; lastKnownFileType = sourcecode.swift; path = BrowserConfigTests.swift; sourceTree = "<group>"; };
				58C7B1B978620BE162CC057E /* BrowserPanelTests.swift */ = {isa = PBXFileReference; lastKnownFileType = sourcecode.swift; path = BrowserPanelTests.swift; sourceTree = "<group>"; };
				02FC74F2C27127CC565B3E8C /* TerminalAndGhosttyTests.swift */ = {isa = PBXFileReference; lastKnownFileType = sourcecode.swift; path = TerminalAndGhosttyTests.swift; sourceTree = "<group>"; };
				71F8ED91A4B55D34BE6A0668 /* WorkspaceUnitTests.swift */ = {isa = PBXFileReference; lastKnownFileType = sourcecode.swift; path = WorkspaceUnitTests.swift; sourceTree = "<group>"; };
				BEE83F8394D90ACACD8E19DD /* WindowAndDragTests.swift */ = {isa = PBXFileReference; lastKnownFileType = sourcecode.swift; path = WindowAndDragTests.swift; sourceTree = "<group>"; };
				6083A7DAD962E287FC2FFE94 /* ShortcutAndCommandPaletteTests.swift */ = {isa = PBXFileReference; lastKnownFileType = sourcecode.swift; path = ShortcutAndCommandPaletteTests.swift; sourceTree = "<group>"; };
				BC39DE4B96D1931C52AF7D68 /* SidebarOrderingTests.swift */ = {isa = PBXFileReference; lastKnownFileType = sourcecode.swift; path = SidebarOrderingTests.swift; sourceTree = "<group>"; };
				B09C007F42697761B5F1A2AB /* OmnibarAndToolsTests.swift */ = {isa = PBXFileReference; lastKnownFileType = sourcecode.swift; path = OmnibarAndToolsTests.swift; sourceTree = "<group>"; };
				D2C075029771815DD5DA1332 /* NotificationAndMenuBarTests.swift */ = {isa = PBXFileReference; lastKnownFileType = sourcecode.swift; path = NotificationAndMenuBarTests.swift; sourceTree = "<group>"; };
				42092CDB2109E250F7F2A76E /* TabManagerUnitTests.swift */ = {isa = PBXFileReference; lastKnownFileType = sourcecode.swift; path = TabManagerUnitTests.swift; sourceTree = "<group>"; };
				14A7DC53B9CA33BE2A421711 /* WorkspacePullRequestSidebarTests.swift */ = {isa = PBXFileReference; lastKnownFileType = sourcecode.swift; path = WorkspacePullRequestSidebarTests.swift; sourceTree = "<group>"; };
				1D301919B10F22B8708E8883 /* WorkspaceManualUnreadTests.swift */ = {isa = PBXFileReference; lastKnownFileType = sourcecode.swift; path = WorkspaceManualUnreadTests.swift; sourceTree = "<group>"; };
				EE0171AF1F49F7547191CEE5 /* SidebarWidthPolicyTests.swift */ = {isa = PBXFileReference; lastKnownFileType = sourcecode.swift; path = SidebarWidthPolicyTests.swift; sourceTree = "<group>"; };
				491751CE2321474474F27DCF /* TerminalControllerSocketSecurityTests.swift */ = {isa = PBXFileReference; lastKnownFileType = sourcecode.swift; path = TerminalControllerSocketSecurityTests.swift; sourceTree = "<group>"; };
				10D684CFFB8CDEF89CE2D9E1 /* TabManagerSessionSnapshotTests.swift */ = {isa = PBXFileReference; lastKnownFileType = sourcecode.swift; path = TabManagerSessionSnapshotTests.swift; sourceTree = "<group>"; };
/* End PBXFileReference section */

/* Begin PBXFrameworksBuildPhase section */
			A5001030 /* Frameworks */ = {
				isa = PBXFrameworksBuildPhase;
				buildActionMask = 2147483647;
				files = (
					A5001006 /* GhosttyKit.xcframework in Frameworks */,
					A5001230 /* Sparkle in Frameworks */,
					A5001250 /* Sentry in Frameworks */,
					A5001270 /* PostHog in Frameworks */,
					A5001290 /* MarkdownUI in Frameworks */,
				);
				runOnlyForDeploymentPostprocessing = 0;
			};
		AB408954939A11B8A87BB5DE /* Frameworks */ = {
			isa = PBXFrameworksBuildPhase;
			buildActionMask = 2147483647;
			files = (
			);
			runOnlyForDeploymentPostprocessing = 0;
		};
		F1000006A1B2C3D4E5F60718 /* Frameworks */ = {
			isa = PBXFrameworksBuildPhase;
			buildActionMask = 2147483647;
			files = (
			);
			runOnlyForDeploymentPostprocessing = 0;
		};
		B900000CA1B2C3D4E5F60719 /* Frameworks */ = {
			isa = PBXFrameworksBuildPhase;
			buildActionMask = 2147483647;
			files = (
				B9000024A1B2C3D4E5F60719 /* Sentry in Frameworks */,
			);
			runOnlyForDeploymentPostprocessing = 0;
		};
/* End PBXFrameworksBuildPhase section */

/* Begin PBXResourcesBuildPhase section */
		A5001102 /* Resources */ = {
			isa = PBXResourcesBuildPhase;
			buildActionMask = 2147483647;
			files = (
				A5001100 /* Assets.xcassets in Resources */,
				84E00D47E4584162AE53BC8D /* xterm-ghostty in Resources */,
				A5002000 /* THIRD_PARTY_LICENSES.md in Resources */,
				DA7A10CA710E000000000003 /* Localizable.xcstrings in Resources */,
				DA7A10CA710E000000000004 /* InfoPlist.xcstrings in Resources */,
				A5001623 /* cmux.sdef in Resources */,
			);
			runOnlyForDeploymentPostprocessing = 0;
		};
		EC1BC8BE24F703F6BBEAA1DE /* Resources */ = {
			isa = PBXResourcesBuildPhase;
			buildActionMask = 2147483647;
			files = (
			);
			runOnlyForDeploymentPostprocessing = 0;
		};
		F1000007A1B2C3D4E5F60718 /* Resources */ = {
			isa = PBXResourcesBuildPhase;
			buildActionMask = 2147483647;
			files = (
			);
			runOnlyForDeploymentPostprocessing = 0;
		};
/* End PBXResourcesBuildPhase section */

/* Begin PBXShellScriptBuildPhase section */
		A5001300A1B2C3D4E5F60719 /* Copy Ghostty Resources */ = {
			isa = PBXShellScriptBuildPhase;
			buildActionMask = 2147483647;
			files = (
			);
			inputFileListPaths = (
			);
			inputPaths = (
			);
			outputFileListPaths = (
			);
			outputPaths = (
			);
			runOnlyForDeploymentPostprocessing = 0;
			shellPath = /bin/sh;
			shellScript = "set -euo pipefail\nDEST=\"${TARGET_BUILD_DIR}/${UNLOCALIZED_RESOURCES_FOLDER_PATH}\"\nGHOSTTY_DEST=\"${DEST}/ghostty\"\nTERMINFO_DEST=\"${DEST}/terminfo\"\nCMUX_SHELL_DEST=\"${DEST}/shell-integration\"\nBIN_DEST=\"${DEST}/bin\"\nSRC_SHARE=\"${SRCROOT}/ghostty/zig-out/share\"\nGHOSTTY_SRC=\"${SRC_SHARE}/ghostty\"\nTERMINFO_SRC=\"${SRC_SHARE}/terminfo\"\nFALLBACK_GHOSTTY=\"${SRCROOT}/Resources/ghostty\"\nFALLBACK_TERMINFO=\"${SRCROOT}/Resources/ghostty/terminfo\"\nTERMINFO_OVERLAY=\"${SRCROOT}/Resources/terminfo-overlay\"\nCMUX_SHELL_SRC=\"${SRCROOT}/Resources/shell-integration\"\nCMUX_GHOSTTY_ZSH_SRC=\"${SRCROOT}/ghostty/src/shell-integration/zsh/ghostty-integration\"\nBUILD_GHOSTTY_HELPER=\"${SRCROOT}/scripts/build-ghostty-cli-helper.sh\"\nGHOSTTY_HELPER_DEST=\"${BIN_DEST}/ghostty\"\nif [ -d \"$GHOSTTY_SRC\" ]; then\n  mkdir -p \"$GHOSTTY_DEST\"\n  rsync -a --delete \"$GHOSTTY_SRC/\" \"$GHOSTTY_DEST/\"\nelif [ -d \"$FALLBACK_GHOSTTY\" ]; then\n  mkdir -p \"$GHOSTTY_DEST\"\n  rsync -a --delete \"$FALLBACK_GHOSTTY/\" \"$GHOSTTY_DEST/\"\nfi\nif [ -d \"$TERMINFO_SRC\" ]; then\n  mkdir -p \"$TERMINFO_DEST\"\n  rsync -a --delete \"$TERMINFO_SRC/\" \"$TERMINFO_DEST/\"\nelif [ -d \"$FALLBACK_TERMINFO\" ]; then\n  mkdir -p \"$TERMINFO_DEST\"\n  rsync -a --delete \"$FALLBACK_TERMINFO/\" \"$TERMINFO_DEST/\"\nfi\n# Overlay any cmux-specific terminfo adjustments.\n# This intentionally does not use --delete so we only patch specific entries.\nif [ -d \"$TERMINFO_OVERLAY\" ]; then\n  mkdir -p \"$TERMINFO_DEST\"\n  rsync -a \"$TERMINFO_OVERLAY/\" \"$TERMINFO_DEST/\"\nfi\nif [ -d \"$CMUX_SHELL_SRC\" ]; then\n  mkdir -p \"$CMUX_SHELL_DEST\"\n  # Use '/.' so dotfiles like .zshenv/.zprofile are copied too.\n  rsync -a \"$CMUX_SHELL_SRC/.\" \"$CMUX_SHELL_DEST/\"\nfi\nif [ -f \"$CMUX_GHOSTTY_ZSH_SRC\" ]; then\n  mkdir -p \"$CMUX_SHELL_DEST\"\n  rsync -a \"$CMUX_GHOSTTY_ZSH_SRC\" \"$CMUX_SHELL_DEST/ghostty-integration.zsh\"\nfi\nif [ ! -x \"$BUILD_GHOSTTY_HELPER\" ]; then\n  echo \"error: missing Ghostty CLI helper build script at $BUILD_GHOSTTY_HELPER\" >&2\n  exit 1\nfi\nARCHS_LIST=\" ${ARCHS:-} \"\nHAS_ARM64=0\nHAS_X86_64=0\nGHOSTTY_HELPER_TARGET=\"\"\ncase \"$ARCHS_LIST\" in\n  *\" arm64 \"*) HAS_ARM64=1 ;;\nesac\ncase \"$ARCHS_LIST\" in\n  *\" x86_64 \"*) HAS_X86_64=1 ;;\nesac\nif [ \"$HAS_ARM64\" -eq 1 ] && [ \"$HAS_X86_64\" -eq 1 ]; then\n  \"$BUILD_GHOSTTY_HELPER\" --universal --output \"$GHOSTTY_HELPER_DEST\"\nelif [ \"$HAS_ARM64\" -eq 1 ]; then\n  GHOSTTY_HELPER_TARGET=\"aarch64-macos\"\nelif [ \"$HAS_X86_64\" -eq 1 ]; then\n  GHOSTTY_HELPER_TARGET=\"x86_64-macos\"\nfi\nif [ -n \"$GHOSTTY_HELPER_TARGET\" ]; then\n  \"$BUILD_GHOSTTY_HELPER\" --target \"$GHOSTTY_HELPER_TARGET\" --output \"$GHOSTTY_HELPER_DEST\"\nelif [ \"$HAS_ARM64\" -eq 0 ] || [ \"$HAS_X86_64\" -eq 0 ]; then\n  \"$BUILD_GHOSTTY_HELPER\" --output \"$GHOSTTY_HELPER_DEST\"\nfi\nif [ ! -x \"$GHOSTTY_HELPER_DEST\" ]; then\n  echo \"error: Ghostty CLI helper was not created at $GHOSTTY_HELPER_DEST\" >&2\n  exit 1\nfi\nINFO_PLIST=\"${TARGET_BUILD_DIR}/${INFOPLIST_PATH}\"\nCOMMIT=\"$(git -C \"${SRCROOT}\" rev-parse --short=9 HEAD 2>/dev/null || true)\"\nif [ -n \"$COMMIT\" ] && [ -f \"$INFO_PLIST\" ]; then\n  /usr/libexec/PlistBuddy -c \"Set :CMUXCommit $COMMIT\" \"$INFO_PLIST\" >/dev/null 2>&1 || /usr/libexec/PlistBuddy -c \"Add :CMUXCommit string $COMMIT\" \"$INFO_PLIST\" >/dev/null 2>&1 || true\nfi\n";
		};
/* End PBXShellScriptBuildPhase section */

/* Begin PBXGroup section */
		A5001040 = {
			isa = PBXGroup;
			children = (
				A5001041 /* Sources */,
				B9000003A1B2C3D4E5F60719 /* CLI */,
				087C454FFF74443AB06942C3 /* Resources */,
				A5001101 /* Assets.xcassets */,
				IC000002 /* AppIcon.icon */,
				A5001016 /* GhosttyKit.xcframework */,
				A5001017 /* ghostty.h */,
				A5001018 /* cmux-Bridging-Header.h */,
				3196C9C2D01F054C1D3385DD /* cmuxUITests */,
				F1000003A1B2C3D4E5F60718 /* cmuxTests */,
				A5001042 /* Products */,
			);
			sourceTree = "<group>";
		};
			A5001041 /* Sources */ = {
				isa = PBXGroup;
				children = (
					A5001011 /* cmuxApp.swift */,
					A5001012 /* ContentView.swift */,
					9AD52285508B1D6A9875E7B3 /* SidebarSelectionState.swift */,
					B9000017A1B2C3D4E5F60719 /* WindowDragHandleView.swift */,
					A50012F0 /* Backport.swift */,
					A50012F2 /* KeyboardShortcutSettings.swift */,
					A50012F4 /* KeyboardLayout.swift */,
					A5001013 /* TabManager.swift */,
					A5001511 /* UITestRecorder.swift */,
					A5001520 /* PostHogAnalytics.swift */,
					A5001416 /* Workspace.swift */,
				A5001417 /* WorkspaceContentView.swift */,
				A5001014 /* GhosttyConfig.swift */,
				A5001015 /* GhosttyTerminalView.swift */,
				A5001531 /* TerminalWindowPortal.swift */,
				A5001533 /* BrowserWindowPortal.swift */,
				A5001019 /* TerminalController.swift */,
				A5001541 /* PortScanner.swift */,
				A5001544 /* TerminalImageTransfer.swift */,
				A5001545 /* TerminalSSHSessionDetector.swift */,
				A5001225 /* SocketControlSettings.swift */,
				A5001600 /* SentryHelper.swift */,
				A5001620 /* AppleScriptSupport.swift */,
				A5001090 /* AppDelegate.swift */,
				A5001091 /* NotificationsPage.swift */,
				A5001092 /* TerminalNotificationStore.swift */,
				A5001301 /* SurfaceSearchOverlay.swift */,
				A5008370 /* BrowserSearchOverlay.swift */,
				A5008372 /* BrowserFindJavaScript.swift */,
				A5001410 /* Panel.swift */,
				A5001411 /* TerminalPanel.swift */,
				A5001412 /* BrowserPanel.swift */,
				A5001413 /* TerminalPanelView.swift */,
				A5001414 /* BrowserPanelView.swift */,
				A5007421 /* BrowserPopupWindowController.swift */,
				A5001418 /* MarkdownPanel.swift */,
				A5001419 /* MarkdownPanelView.swift */,
				A5001510 /* CmuxWebView.swift */,
				A5001415 /* PanelContentView.swift */,
				A5001211 /* UpdateController.swift */,
				A5001212 /* UpdateDelegate.swift */,
				A5001213 /* UpdateDriver.swift */,
				A5001214 /* UpdateViewModel.swift */,
				A5001215 /* UpdatePill.swift */,
				A5001216 /* UpdateBadge.swift */,
				A5001220 /* UpdateTiming.swift */,
				A5001221 /* UpdateTestSupport.swift */,
				A5001224 /* UpdateTestURLProtocol.swift */,
				A5001223 /* UpdateLogStore.swift */,
				A5001217 /* UpdatePopoverView.swift */,
				A5001218 /* UpdateTitlebarAccessory.swift */,
				A5001219 /* WindowToolbarController.swift */,
				A5001241 /* WindowDecorationsController.swift */,
				A5001222 /* WindowAccessor.swift */,
				A5001611 /* SessionPersistence.swift */,
				A5001641 /* RemoteRelayZshBootstrap.swift */,
			);
			path = Sources;
			sourceTree = "<group>";
		};
		B9000003A1B2C3D4E5F60719 /* CLI */ = {
			isa = PBXGroup;
			children = (
				B9000001A1B2C3D4E5F60719 /* cmux.swift */,
			);
			path = CLI;
			sourceTree = "<group>";
		};
		087C454FFF74443AB06942C3 /* Resources */ = {
			isa = PBXGroup;
			children = (
				B2E7294509CC42FE9191870E /* xterm-ghostty */,
				A5002001 /* THIRD_PARTY_LICENSES.md */,
				C1ADE00001A1B2C3D4E5F719 /* claude */,
				DA7A10CA710E000000000001 /* Localizable.xcstrings */,
				DA7A10CA710E000000000002 /* InfoPlist.xcstrings */,
				A5001622 /* cmux.sdef */,
			);
			path = Resources;
			sourceTree = "<group>";
		};
		A5001042 /* Products */ = {
			isa = PBXGroup;
			children = (
				A5001000 /* cmux.app */,
				B9000004A1B2C3D4E5F60719 /* cmux */,
				7E7E6EF344A568AC7FEE3715 /* cmuxUITests.xctest */,
				F1000002A1B2C3D4E5F60718 /* cmuxTests.xctest */,
			);
			name = Products;
			sourceTree = "<group>";
		};
			3196C9C2D01F054C1D3385DD /* cmuxUITests */ = {
				isa = PBXGroup;
						children = (
							B9000011A1B2C3D4E5F60719 /* AutomationSocketUITests.swift */,
							B9000013A1B2C3D4E5F60719 /* JumpToUnreadUITests.swift */,
							B9000022A1B2C3D4E5F60719 /* CloseWorkspaceCmdDUITests.swift */,
							B9000019A1B2C3D4E5F60719 /* CloseWorkspaceConfirmDialogUITests.swift */,
							B9000026A1B2C3D4E5F60719 /* CloseWindowConfirmDialogUITests.swift */,
							B9000016A1B2C3D4E5F60719 /* MultiWindowNotificationsUITests.swift */,
							818DBCD4AB69EB72573E8138 /* SidebarResizeUITests.swift */,
							B8F266256A1A3D9A45BD840F /* SidebarHelpMenuUITests.swift */,
							B8F266276A1A3D9A45BD840F /* DisplayResolutionRegressionUITests.swift */,
							D0E0F0B1A1B2C3D4E5F60718 /* BrowserPaneNavigationKeybindUITests.swift */,
							D0E0F0B3A1B2C3D4E5F60718 /* BrowserOmnibarSuggestionsUITests.swift */,
							FB100001A1B2C3D4E5F60718 /* BrowserImportProfilesUITests.swift */,
							C0B4D9B1A1B2C3D4E5F60718 /* UpdatePillUITests.swift */,
						E1000001A1B2C3D4E5F60718 /* MenuKeyEquivalentRoutingUITests.swift */,
					);
				path = cmuxUITests;
				sourceTree = "<group>";
			};
			F1000003A1B2C3D4E5F60718 /* cmuxTests */ = {
				isa = PBXGroup;
				children = (
					F2000001A1B2C3D4E5F60718 /* UpdatePillReleaseVisibilityTests.swift */,
					F3000001A1B2C3D4E5F60718 /* CJKIMEInputTests.swift */,
					F4000001A1B2C3D4E5F60718 /* GhosttyConfigTests.swift */,
					F5000001A1B2C3D4E5F60718 /* SessionPersistenceTests.swift */,
					FA100001A1B2C3D4E5F60718 /* BrowserImportMappingTests.swift */,
					F6000001A1B2C3D4E5F60718 /* AppDelegateShortcutRoutingTests.swift */,
					F6100001A1B2C3D4E5F60718 /* WorkspaceRemoteConnectionTests.swift */,
					F7000001A1B2C3D4E5F60718 /* WorkspaceContentViewVisibilityTests.swift */,
					F8000001A1B2C3D4E5F60718 /* SocketControlPasswordStoreTests.swift */,
					F9000001A1B2C3D4E5F60718 /* GhosttyEnsureFocusWindowActivationTests.swift */,
					F1C1AA20B7E84D10A1C10001 /* InactivePaneFirstClickFocusTests.swift */,
					FA000001A1B2C3D4E5F60718 /* WorkspaceStressProfileTests.swift */,
					A5008380 /* BrowserFindJavaScriptTests.swift */,
					A5008382 /* CommandPaletteSearchEngineTests.swift */,
					970226F3C99D0D937CD00539 /* BrowserConfigTests.swift */,
					58C7B1B978620BE162CC057E /* BrowserPanelTests.swift */,
					02FC74F2C27127CC565B3E8C /* TerminalAndGhosttyTests.swift */,
					71F8ED91A4B55D34BE6A0668 /* WorkspaceUnitTests.swift */,
					BEE83F8394D90ACACD8E19DD /* WindowAndDragTests.swift */,
					6083A7DAD962E287FC2FFE94 /* ShortcutAndCommandPaletteTests.swift */,
					BC39DE4B96D1931C52AF7D68 /* SidebarOrderingTests.swift */,
					B09C007F42697761B5F1A2AB /* OmnibarAndToolsTests.swift */,
					D2C075029771815DD5DA1332 /* NotificationAndMenuBarTests.swift */,
					42092CDB2109E250F7F2A76E /* TabManagerUnitTests.swift */,
					14A7DC53B9CA33BE2A421711 /* WorkspacePullRequestSidebarTests.swift */,
					1D301919B10F22B8708E8883 /* WorkspaceManualUnreadTests.swift */,
					EE0171AF1F49F7547191CEE5 /* SidebarWidthPolicyTests.swift */,
					491751CE2321474474F27DCF /* TerminalControllerSocketSecurityTests.swift */,
					10D684CFFB8CDEF89CE2D9E1 /* TabManagerSessionSnapshotTests.swift */,
				);
				path = cmuxTests;
				sourceTree = "<group>";
			};
/* End PBXGroup section */

/* Begin PBXNativeTarget section */
		A5001050 /* GhosttyTabs */ = {
			isa = PBXNativeTarget;
			buildConfigurationList = A5001060 /* Build configuration list for PBXNativeTarget "GhosttyTabs" */;
			buildPhases = (
				A5001051 /* Sources */,
				A5001030 /* Frameworks */,
				A5001102 /* Resources */,
				A5001020 /* Embed Frameworks */,
				B900000AA1B2C3D4E5F60719 /* Copy CLI */,
				A5001300A1B2C3D4E5F60719 /* Copy Ghostty Resources */,
			);
			buildRules = (
			);
			dependencies = (
				B900000EA1B2C3D4E5F60719 /* PBXTargetDependency */,
			);
				packageProductDependencies = (
					A5001231 /* Sparkle */,
					A5001251 /* Sentry */,
					A5001271 /* PostHog */,
					A5001261 /* Bonsplit */,
					A5001291 /* MarkdownUI */,
				);
			name = GhosttyTabs;
			productName = GhosttyTabs;
			productReference = A5001000 /* cmux.app */;
			productType = "com.apple.product-type.application";
		};
		B9000005A1B2C3D4E5F60719 /* cmux-cli */ = {
			isa = PBXNativeTarget;
			buildConfigurationList = B9000007A1B2C3D4E5F60719 /* Build configuration list for PBXNativeTarget "cmux-cli" */;
			buildPhases = (
				B9000006A1B2C3D4E5F60719 /* Sources */,
				B900000CA1B2C3D4E5F60719 /* Frameworks */,
			);
			buildRules = (
			);
			dependencies = (
			);
			packageProductDependencies = (
				A5001251 /* Sentry */,
			);
			name = "cmux-cli";
			productName = cmux;
			productReference = B9000004A1B2C3D4E5F60719 /* cmux */;
			productType = "com.apple.product-type.tool";
		};
		CB450DF0F0B3839599082C4D /* cmuxUITests */ = {
			isa = PBXNativeTarget;
			buildConfigurationList = AD2C7ED08993D3CD4910A1FF /* Build configuration list for PBXNativeTarget "cmuxUITests" */;
			buildPhases = (
				E436EF0BA8EC9E6721A42F79 /* Sources */,
				AB408954939A11B8A87BB5DE /* Frameworks */,
				EC1BC8BE24F703F6BBEAA1DE /* Resources */,
			);
			buildRules = (
			);
			dependencies = (
				32568B0DCFC8656BA952468E /* PBXTargetDependency */,
			);
			name = cmuxUITests;
			productName = cmuxUITests;
			productReference = 7E7E6EF344A568AC7FEE3715 /* cmuxUITests.xctest */;
			productType = "com.apple.product-type.bundle.ui-testing";
		};
		F1000004A1B2C3D4E5F60718 /* cmuxTests */ = {
			isa = PBXNativeTarget;
			buildConfigurationList = F1000010A1B2C3D4E5F60718 /* Build configuration list for PBXNativeTarget "cmuxTests" */;
			buildPhases = (
				F1000005A1B2C3D4E5F60718 /* Sources */,
				F1000006A1B2C3D4E5F60718 /* Frameworks */,
				F1000007A1B2C3D4E5F60718 /* Resources */,
			);
			buildRules = (
			);
			dependencies = (
				F1000009A1B2C3D4E5F60718 /* PBXTargetDependency */,
			);
			name = cmuxTests;
			productName = cmuxTests;
			productReference = F1000002A1B2C3D4E5F60718 /* cmuxTests.xctest */;
			productType = "com.apple.product-type.bundle.unit-test";
		};
/* End PBXNativeTarget section */

/* Begin PBXProject section */
		A5001070 /* Project object */ = {
			isa = PBXProject;
			attributes = {
				BuildIndependentTargetsInParallel = 1;
				LastSwiftUpdateCheck = 1500;
				LastUpgradeCheck = 1500;
			};
			buildConfigurationList = A5001071 /* Build configuration list for PBXProject "GhosttyTabs" */;
			compatibilityVersion = "Xcode 14.0";
			developmentRegion = en;
			hasScannedForEncodings = 0;
			knownRegions = (
				en,
				Base,
				ja,
				ar,
				bs,
				da,
				de,
				es,
				fr,
				it,
				ko,
				nb,
				pl,
				pt-BR,
				ru,
				th,
				tr,
				zh-Hans,
				zh-Hant,
			);
			mainGroup = A5001040;
				packageReferences = (
					A5001232 /* XCRemoteSwiftPackageReference "Sparkle" */,
					A5001252 /* XCRemoteSwiftPackageReference "sentry-cocoa" */,
					A5001272 /* XCRemoteSwiftPackageReference "posthog-ios" */,
					A5001292 /* XCRemoteSwiftPackageReference "swift-markdown-ui" */,
					A5001260 /* XCLocalSwiftPackageReference "bonsplit" */,
				);
			productRefGroup = A5001042 /* Products */;
			projectDirPath = "";
			projectRoot = "";
			targets = (
				A5001050 /* GhosttyTabs */,
				B9000005A1B2C3D4E5F60719 /* cmux-cli */,
				CB450DF0F0B3839599082C4D /* cmuxUITests */,
				F1000004A1B2C3D4E5F60718 /* cmuxTests */,
			);
		};
/* End PBXProject section */

		/* Begin PBXSourcesBuildPhase section */
			A5001051 /* Sources */ = {
				isa = PBXSourcesBuildPhase;
				buildActionMask = 2147483647;
				files = (
					A5001001 /* cmuxApp.swift in Sources */,
					A5001002 /* ContentView.swift in Sources */,
					E62155868BB29FEB5DAAAF25 /* SidebarSelectionState.swift in Sources */,
					B9000018A1B2C3D4E5F60719 /* WindowDragHandleView.swift in Sources */,
					A50012F1 /* Backport.swift in Sources */,
					A50012F3 /* KeyboardShortcutSettings.swift in Sources */,
					A50012F5 /* KeyboardLayout.swift in Sources */,
						A5001003 /* TabManager.swift in Sources */,
						A5001501 /* UITestRecorder.swift in Sources */,
						A5001521 /* PostHogAnalytics.swift in Sources */,
						A5001406 /* Workspace.swift in Sources */,
				A5001407 /* WorkspaceContentView.swift in Sources */,
				A5001004 /* GhosttyConfig.swift in Sources */,
				A5001005 /* GhosttyTerminalView.swift in Sources */,
				A5001532 /* TerminalWindowPortal.swift in Sources */,
				A5001534 /* BrowserWindowPortal.swift in Sources */,
				A5001007 /* TerminalController.swift in Sources */,
				A5001540 /* PortScanner.swift in Sources */,
				A5001542 /* TerminalImageTransfer.swift in Sources */,
				A5001543 /* TerminalSSHSessionDetector.swift in Sources */,
				A5001226 /* SocketControlSettings.swift in Sources */,
				A5001601 /* SentryHelper.swift in Sources */,
				A5001621 /* AppleScriptSupport.swift in Sources */,
				A5001093 /* AppDelegate.swift in Sources */,
				A5001094 /* NotificationsPage.swift in Sources */,
				A5001095 /* TerminalNotificationStore.swift in Sources */,
				A5001303 /* SurfaceSearchOverlay.swift in Sources */,
				A5008371 /* BrowserSearchOverlay.swift in Sources */,
				A5008373 /* BrowserFindJavaScript.swift in Sources */,
				A5001400 /* Panel.swift in Sources */,
				A5001401 /* TerminalPanel.swift in Sources */,
				A5001402 /* BrowserPanel.swift in Sources */,
				A5001403 /* TerminalPanelView.swift in Sources */,
				A5001404 /* BrowserPanelView.swift in Sources */,
				A5007420 /* BrowserPopupWindowController.swift in Sources */,
				A5001420 /* MarkdownPanel.swift in Sources */,
				A5001421 /* MarkdownPanelView.swift in Sources */,
				A5001500 /* CmuxWebView.swift in Sources */,
				A5001405 /* PanelContentView.swift in Sources */,
				A5001201 /* UpdateController.swift in Sources */,
				A5001202 /* UpdateDelegate.swift in Sources */,
				A5001203 /* UpdateDriver.swift in Sources */,
				A5001204 /* UpdateViewModel.swift in Sources */,
				A5001205 /* UpdatePill.swift in Sources */,
				A5001206 /* UpdateBadge.swift in Sources */,
				A500120A /* UpdateTiming.swift in Sources */,
				A500120B /* UpdateTestSupport.swift in Sources */,
				A500120E /* UpdateTestURLProtocol.swift in Sources */,
				A500120D /* UpdateLogStore.swift in Sources */,
				A5001207 /* UpdatePopoverView.swift in Sources */,
				A5001208 /* UpdateTitlebarAccessory.swift in Sources */,
				A5001209 /* WindowToolbarController.swift in Sources */,
				A5001240 /* WindowDecorationsController.swift in Sources */,
				A500120C /* WindowAccessor.swift in Sources */,
				A5001610 /* SessionPersistence.swift in Sources */,
				A5001640 /* RemoteRelayZshBootstrap.swift in Sources */,
			);
			runOnlyForDeploymentPostprocessing = 0;
		};
			E436EF0BA8EC9E6721A42F79 /* Sources */ = {
				isa = PBXSourcesBuildPhase;
				buildActionMask = 2147483647;
						files = (
							B9000012A1B2C3D4E5F60719 /* AutomationSocketUITests.swift in Sources */,
							B9000014A1B2C3D4E5F60719 /* JumpToUnreadUITests.swift in Sources */,
							B900001AA1B2C3D4E5F60719 /* CloseWorkspaceConfirmDialogUITests.swift in Sources */,
							B9000023A1B2C3D4E5F60719 /* CloseWorkspaceCmdDUITests.swift in Sources */,
							B9000025A1B2C3D4E5F60719 /* CloseWindowConfirmDialogUITests.swift in Sources */,
							B9000015A1B2C3D4E5F60719 /* MultiWindowNotificationsUITests.swift in Sources */,
							B8F266236A1A3D9A45BD840F /* SidebarResizeUITests.swift in Sources */,
							B8F266246A1A3D9A45BD840F /* SidebarHelpMenuUITests.swift in Sources */,
							B8F266266A1A3D9A45BD840F /* DisplayResolutionRegressionUITests.swift in Sources */,
							D0E0F0B0A1B2C3D4E5F60718 /* BrowserPaneNavigationKeybindUITests.swift in Sources */,
							D0E0F0B2A1B2C3D4E5F60718 /* BrowserOmnibarSuggestionsUITests.swift in Sources */,
							FB100000A1B2C3D4E5F60718 /* BrowserImportProfilesUITests.swift in Sources */,
							C0B4D9B0A1B2C3D4E5F60718 /* UpdatePillUITests.swift in Sources */,
						E1000000A1B2C3D4E5F60718 /* MenuKeyEquivalentRoutingUITests.swift in Sources */,
					);
				runOnlyForDeploymentPostprocessing = 0;
			};
			F1000005A1B2C3D4E5F60718 /* Sources */ = {
				isa = PBXSourcesBuildPhase;
				buildActionMask = 2147483647;
				files = (
					F2000000A1B2C3D4E5F60718 /* UpdatePillReleaseVisibilityTests.swift in Sources */,
					F3000000A1B2C3D4E5F60718 /* CJKIMEInputTests.swift in Sources */,
					F4000000A1B2C3D4E5F60718 /* GhosttyConfigTests.swift in Sources */,
					F5000000A1B2C3D4E5F60718 /* SessionPersistenceTests.swift in Sources */,
					FA100000A1B2C3D4E5F60718 /* BrowserImportMappingTests.swift in Sources */,
					F6000000A1B2C3D4E5F60718 /* AppDelegateShortcutRoutingTests.swift in Sources */,
					F6100000A1B2C3D4E5F60718 /* WorkspaceRemoteConnectionTests.swift in Sources */,
					F7000000A1B2C3D4E5F60718 /* WorkspaceContentViewVisibilityTests.swift in Sources */,
					F8000000A1B2C3D4E5F60718 /* SocketControlPasswordStoreTests.swift in Sources */,
					F9000000A1B2C3D4E5F60718 /* GhosttyEnsureFocusWindowActivationTests.swift in Sources */,
					F1C1AA21B7E84D10A1C10001 /* InactivePaneFirstClickFocusTests.swift in Sources */,
					FA000000A1B2C3D4E5F60718 /* WorkspaceStressProfileTests.swift in Sources */,
					A5008381 /* BrowserFindJavaScriptTests.swift in Sources */,
					A5008383 /* CommandPaletteSearchEngineTests.swift in Sources */,
					E12E88F82733EC42F32C36A3 /* BrowserConfigTests.swift in Sources */,
					1F14445B9627DE9D3AF4FD2E /* BrowserPanelTests.swift in Sources */,
					46F6AC15863EC84DCD3770A2 /* TerminalAndGhosttyTests.swift in Sources */,
					6B524A0BA34FD46A771335AB /* WorkspaceUnitTests.swift in Sources */,
					063BC42CEE257D6213A2E30C /* WindowAndDragTests.swift in Sources */,
					1521D55DC63D5E5FC4955E31 /* ShortcutAndCommandPaletteTests.swift in Sources */,
					CB23911D7E131E8FBC9B82B6 /* SidebarOrderingTests.swift in Sources */,
					4378399A7C0245EF8186F306 /* OmnibarAndToolsTests.swift in Sources */,
					734F49D37E543DD01C2F4FEF /* NotificationAndMenuBarTests.swift in Sources */,
					B6BF3DC98DB1495E57900199 /* TabManagerUnitTests.swift in Sources */,
					DCC935C5F55C1DCB33E25521 /* WorkspacePullRequestSidebarTests.swift in Sources */,
					0F2C25F9170130F8DC09DD1B /* WorkspaceManualUnreadTests.swift in Sources */,
					CA39C0304FE351A21C372429 /* SidebarWidthPolicyTests.swift in Sources */,
					8C4BBF2DEF6DF93F395A9EE7 /* TerminalControllerSocketSecurityTests.swift in Sources */,
					2BB56A710BB1FC50367E5BCF /* TabManagerSessionSnapshotTests.swift in Sources */,
				);
				runOnlyForDeploymentPostprocessing = 0;
			};
			B9000006A1B2C3D4E5F60719 /* Sources */ = {
			isa = PBXSourcesBuildPhase;
			buildActionMask = 2147483647;
			files = (
				B9000002A1B2C3D4E5F60719 /* cmux.swift in Sources */,
				B9000027A1B2C3D4E5F60719 /* RemoteRelayZshBootstrap.swift in Sources */,
			);
			runOnlyForDeploymentPostprocessing = 0;
		};
/* End PBXSourcesBuildPhase section */

/* Begin PBXTargetDependency section */
		32568B0DCFC8656BA952468E /* PBXTargetDependency */ = {
			isa = PBXTargetDependency;
			target = A5001050 /* GhosttyTabs */;
			targetProxy = 738BF3D3196765B250928A93 /* PBXContainerItemProxy */;
		};
		F1000009A1B2C3D4E5F60718 /* PBXTargetDependency */ = {
			isa = PBXTargetDependency;
			target = A5001050 /* GhosttyTabs */;
			targetProxy = F1000008A1B2C3D4E5F60718 /* PBXContainerItemProxy */;
		};
		B900000EA1B2C3D4E5F60719 /* PBXTargetDependency */ = {
			isa = PBXTargetDependency;
			target = B9000005A1B2C3D4E5F60719 /* cmux-cli */;
			targetProxy = B900000DA1B2C3D4E5F60719 /* PBXContainerItemProxy */;
		};
/* End PBXTargetDependency section */

/* Begin XCBuildConfiguration section */
		A5001080 /* Debug */ = {
			isa = XCBuildConfiguration;
			buildSettings = {
				ALWAYS_SEARCH_USER_PATHS = NO;
				CLANG_ANALYZER_NONNULL = YES;
				CLANG_ENABLE_MODULES = YES;
				CLANG_ENABLE_OBJC_ARC = YES;
				COPY_PHASE_STRIP = NO;
				DEBUG_INFORMATION_FORMAT = dwarf;
				ENABLE_STRICT_OBJC_MSGSEND = YES;
				ENABLE_TESTABILITY = YES;
				GCC_DYNAMIC_NO_PIC = NO;
				GCC_NO_COMMON_BLOCKS = YES;
				GCC_OPTIMIZATION_LEVEL = 0;
				GCC_PREPROCESSOR_DEFINITIONS = (
					"DEBUG=1",
					"$(inherited)",
				);
				GCC_WARN_64_TO_32_BIT_CONVERSION = YES;
				GCC_WARN_ABOUT_RETURN_TYPE = YES_ERROR;
				GCC_WARN_UNDECLARED_SELECTOR = YES;
				GCC_WARN_UNINITIALIZED_AUTOS = YES_AGGRESSIVE;
				GCC_WARN_UNUSED_FUNCTION = YES;
				GCC_WARN_UNUSED_VARIABLE = YES;
				MACOSX_DEPLOYMENT_TARGET = 14.0;
				MTL_ENABLE_DEBUG_INFO = INCLUDE_SOURCE;
				MTL_FAST_MATH = YES;
				ONLY_ACTIVE_ARCH = YES;
				SDKROOT = macosx;
				SWIFT_ACTIVE_COMPILATION_CONDITIONS = DEBUG;
				SWIFT_OPTIMIZATION_LEVEL = "-Onone";
			};
			name = Debug;
		};
		A5001081 /* Release */ = {
			isa = XCBuildConfiguration;
			buildSettings = {
				ALWAYS_SEARCH_USER_PATHS = NO;
				CLANG_ANALYZER_NONNULL = YES;
				CLANG_ENABLE_MODULES = YES;
				CLANG_ENABLE_OBJC_ARC = YES;
				COPY_PHASE_STRIP = NO;
				DEBUG_INFORMATION_FORMAT = "dwarf-with-dsym";
				ENABLE_NS_ASSERTIONS = NO;
				ENABLE_STRICT_OBJC_MSGSEND = YES;
				GCC_NO_COMMON_BLOCKS = YES;
				GCC_WARN_64_TO_32_BIT_CONVERSION = YES;
				GCC_WARN_ABOUT_RETURN_TYPE = YES_ERROR;
				GCC_WARN_UNDECLARED_SELECTOR = YES;
				GCC_WARN_UNINITIALIZED_AUTOS = YES_AGGRESSIVE;
				GCC_WARN_UNUSED_FUNCTION = YES;
				GCC_WARN_UNUSED_VARIABLE = YES;
				MACOSX_DEPLOYMENT_TARGET = 14.0;
				MTL_ENABLE_DEBUG_INFO = NO;
				MTL_FAST_MATH = YES;
				ONLY_ACTIVE_ARCH = NO;
				SDKROOT = macosx;
				SWIFT_COMPILATION_MODE = wholemodule;
				SWIFT_OPTIMIZATION_LEVEL = "-O";
			};
			name = Release;
		};
		A5001082 /* Debug */ = {
			isa = XCBuildConfiguration;
			buildSettings = {
				ASSETCATALOG_COMPILER_APPICON_NAME = "AppIcon-Debug";
				CODE_SIGN_ENTITLEMENTS = "";
				CODE_SIGN_STYLE = Automatic;
				COMBINE_HIDPI_IMAGES = YES;
				CURRENT_PROJECT_VERSION = 77;
				DEVELOPMENT_TEAM = "";
				ENABLE_HARDENED_RUNTIME = NO;
				GENERATE_INFOPLIST_FILE = NO;
				INFOPLIST_FILE = Resources/Info.plist;
				LD_RUNPATH_SEARCH_PATHS = (
					"$(inherited)",
					"@executable_path/../Frameworks",
				);
				MARKETING_VERSION = 0.62.2;
				OTHER_LDFLAGS = (
					"-lc++",
					"-framework",
					Metal,
					"-framework",
					QuartzCore,
					"-framework",
					IOSurface,
					"-framework",
					UniformTypeIdentifiers,
					"-framework",
					Carbon,
				);
				PRODUCT_BUNDLE_IDENTIFIER = com.cmuxterm.app.debug;
				PRODUCT_NAME = "cmux DEV";
				SPARKLE_PUBLIC_KEY = "avjcgKibf1FTvhIjLBxhd+0HSpsXU4D0IGlVk8cgqRc=";
				SWIFT_EMIT_LOC_STRINGS = YES;
				SWIFT_OBJC_BRIDGING_HEADER = "cmux-Bridging-Header.h";
				SWIFT_VERSION = 5.0;
			};
			name = Debug;
		};
		A5001083 /* Release */ = {
			isa = XCBuildConfiguration;
			buildSettings = {
				ASSETCATALOG_COMPILER_APPICON_NAME = AppIcon;
				CODE_SIGN_ENTITLEMENTS = "";
				CODE_SIGN_STYLE = Automatic;
				COMBINE_HIDPI_IMAGES = YES;
				CURRENT_PROJECT_VERSION = 77;
				DEVELOPMENT_TEAM = "";
				ENABLE_HARDENED_RUNTIME = NO;
				GENERATE_INFOPLIST_FILE = NO;
				INFOPLIST_FILE = Resources/Info.plist;
				LD_RUNPATH_SEARCH_PATHS = (
					"$(inherited)",
					"@executable_path/../Frameworks",
				);
				MARKETING_VERSION = 0.62.2;
				OTHER_LDFLAGS = (
					"-lc++",
					"-framework",
					Metal,
					"-framework",
					QuartzCore,
					"-framework",
					IOSurface,
					"-framework",
					UniformTypeIdentifiers,
					"-framework",
					Carbon,
				);
				ONLY_ACTIVE_ARCH = NO;
				PRODUCT_BUNDLE_IDENTIFIER = com.cmuxterm.app;
				PRODUCT_NAME = cmux;
				SPARKLE_PUBLIC_KEY = "avjcgKibf1FTvhIjLBxhd+0HSpsXU4D0IGlVk8cgqRc=";
				SWIFT_EMIT_LOC_STRINGS = YES;
				SWIFT_OBJC_BRIDGING_HEADER = "cmux-Bridging-Header.h";
				SWIFT_VERSION = 5.0;
			};
			name = Release;
		};
		B9000008A1B2C3D4E5F60719 /* Debug */ = {
			isa = XCBuildConfiguration;
			buildSettings = {
				CODE_SIGN_STYLE = Automatic;
				LD_RUNPATH_SEARCH_PATHS = (
					"$(inherited)",
					"@executable_path",
					"@executable_path/../Frameworks",
					"@executable_path/../../Frameworks",
				);
				MACOSX_DEPLOYMENT_TARGET = 14.0;
				PRODUCT_NAME = cmux;
				PRODUCT_MODULE_NAME = cmux_cli;
				SWIFT_ACTIVE_COMPILATION_CONDITIONS = DEBUG;
				SWIFT_OPTIMIZATION_LEVEL = "-Onone";
				SWIFT_VERSION = 5.0;
			};
			name = Debug;
		};
		B9000009A1B2C3D4E5F60719 /* Release */ = {
			isa = XCBuildConfiguration;
			buildSettings = {
				CODE_SIGN_STYLE = Automatic;
				LD_RUNPATH_SEARCH_PATHS = (
					"$(inherited)",
					"@executable_path",
					"@executable_path/../Frameworks",
					"@executable_path/../../Frameworks",
				);
				MACOSX_DEPLOYMENT_TARGET = 14.0;
				PRODUCT_NAME = cmux;
				PRODUCT_MODULE_NAME = cmux_cli;
				ONLY_ACTIVE_ARCH = NO;
				SWIFT_COMPILATION_MODE = wholemodule;
				SWIFT_OPTIMIZATION_LEVEL = "-O";
				SWIFT_VERSION = 5.0;
			};
			name = Release;
		};
		C117776A77E71D1432F570D7 /* Debug */ = {
			isa = XCBuildConfiguration;
			buildSettings = {
				CODE_SIGN_STYLE = Automatic;
				CURRENT_PROJECT_VERSION = 77;
				GENERATE_INFOPLIST_FILE = YES;
				MACOSX_DEPLOYMENT_TARGET = 14.0;
				MARKETING_VERSION = 0.62.2;
				ONLY_ACTIVE_ARCH = YES;
				PRODUCT_BUNDLE_IDENTIFIER = com.cmuxterm.appuitests;
				PRODUCT_NAME = "$(TARGET_NAME)";
				SWIFT_ACTIVE_COMPILATION_CONDITIONS = "DEBUG $(inherited)";
				SWIFT_VERSION = 5.0;
				TEST_TARGET_NAME = GhosttyTabs;
			};
			name = Debug;
		};
		442A6A86CAC6E8AD27FDD8F2 /* Release */ = {
			isa = XCBuildConfiguration;
			buildSettings = {
				CODE_SIGN_STYLE = Automatic;
				CURRENT_PROJECT_VERSION = 77;
				GENERATE_INFOPLIST_FILE = YES;
				MACOSX_DEPLOYMENT_TARGET = 14.0;
				MARKETING_VERSION = 0.62.2;
				ONLY_ACTIVE_ARCH = NO;
				PRODUCT_BUNDLE_IDENTIFIER = com.cmuxterm.appuitests;
				PRODUCT_NAME = "$(TARGET_NAME)";
				SWIFT_VERSION = 5.0;
				TEST_TARGET_NAME = GhosttyTabs;
			};
			name = Release;
		};
		F1000011A1B2C3D4E5F60718 /* Debug */ = {
			isa = XCBuildConfiguration;
			buildSettings = {
				BUNDLE_LOADER = "$(TEST_HOST)";
				CODE_SIGN_STYLE = Automatic;
				CURRENT_PROJECT_VERSION = 77;
				GENERATE_INFOPLIST_FILE = YES;
				MACOSX_DEPLOYMENT_TARGET = 14.0;
				MARKETING_VERSION = 0.62.2;
				ONLY_ACTIVE_ARCH = YES;
				PRODUCT_BUNDLE_IDENTIFIER = com.cmuxterm.apptests;
				PRODUCT_NAME = "$(TARGET_NAME)";
				SWIFT_ACTIVE_COMPILATION_CONDITIONS = "DEBUG $(inherited)";
				SWIFT_VERSION = 5.0;
				TEST_HOST = "$(BUILT_PRODUCTS_DIR)/cmux DEV.app/Contents/MacOS/cmux DEV";
				TEST_TARGET_NAME = GhosttyTabs;
			};
			name = Debug;
		};
		F1000012A1B2C3D4E5F60718 /* Release */ = {
			isa = XCBuildConfiguration;
			buildSettings = {
				BUNDLE_LOADER = "$(TEST_HOST)";
				CODE_SIGN_STYLE = Automatic;
				CURRENT_PROJECT_VERSION = 77;
				GENERATE_INFOPLIST_FILE = YES;
				MACOSX_DEPLOYMENT_TARGET = 14.0;
				MARKETING_VERSION = 0.62.2;
				ONLY_ACTIVE_ARCH = NO;
				PRODUCT_BUNDLE_IDENTIFIER = com.cmuxterm.apptests;
				PRODUCT_NAME = "$(TARGET_NAME)";
				SWIFT_VERSION = 5.0;
				TEST_HOST = "$(BUILT_PRODUCTS_DIR)/cmux.app/Contents/MacOS/cmux";
				TEST_TARGET_NAME = GhosttyTabs;
			};
			name = Release;
		};
/* End XCBuildConfiguration section */

/* Begin XCRemoteSwiftPackageReference section */
		A5001232 /* XCRemoteSwiftPackageReference "Sparkle" */ = {
			isa = XCRemoteSwiftPackageReference;
			repositoryURL = "https://github.com/sparkle-project/Sparkle";
			requirement = {
				kind = upToNextMajorVersion;
				minimumVersion = 2.5.1;
			};
		};
			A5001252 /* XCRemoteSwiftPackageReference "sentry-cocoa" */ = {
				isa = XCRemoteSwiftPackageReference;
				repositoryURL = "https://github.com/getsentry/sentry-cocoa.git";
				requirement = {
					kind = upToNextMajorVersion;
					minimumVersion = 9.3.0;
				};
			};
			A5001272 /* XCRemoteSwiftPackageReference "posthog-ios" */ = {
				isa = XCRemoteSwiftPackageReference;
				repositoryURL = "https://github.com/PostHog/posthog-ios.git";
				requirement = {
					kind = upToNextMajorVersion;
					minimumVersion = 3.41.0;
				};
			};
			A5001292 /* XCRemoteSwiftPackageReference "swift-markdown-ui" */ = {
				isa = XCRemoteSwiftPackageReference;
				repositoryURL = "https://github.com/gonzalezreal/swift-markdown-ui";
				requirement = {
					kind = upToNextMajorVersion;
					minimumVersion = 2.4.1;
				};
			};
			A5001260 /* XCLocalSwiftPackageReference "bonsplit" */ = {
				isa = XCLocalSwiftPackageReference;
				relativePath = vendor/bonsplit;
			};
/* End XCRemoteSwiftPackageReference section */

/* Begin XCSwiftPackageProductDependency section */
		A5001231 /* Sparkle */ = {
			isa = XCSwiftPackageProductDependency;
			package = A5001232 /* XCRemoteSwiftPackageReference "Sparkle" */;
			productName = Sparkle;
		};
			A5001251 /* Sentry */ = {
				isa = XCSwiftPackageProductDependency;
				package = A5001252 /* XCRemoteSwiftPackageReference "sentry-cocoa" */;
				productName = Sentry;
			};
			A5001271 /* PostHog */ = {
				isa = XCSwiftPackageProductDependency;
				package = A5001272 /* XCRemoteSwiftPackageReference "posthog-ios" */;
				productName = PostHog;
			};
			A5001261 /* Bonsplit */ = {
				isa = XCSwiftPackageProductDependency;
				package = A5001260 /* XCLocalSwiftPackageReference "bonsplit" */;
				productName = Bonsplit;
			};
			A5001291 /* MarkdownUI */ = {
				isa = XCSwiftPackageProductDependency;
				package = A5001292 /* XCRemoteSwiftPackageReference "swift-markdown-ui" */;
				productName = MarkdownUI;
			};
/* End XCSwiftPackageProductDependency section */

/* Begin XCConfigurationList section */
	A5001060 /* Build configuration list for PBXNativeTarget "GhosttyTabs" */ = {
		isa = XCConfigurationList;
		buildConfigurations = (
			A5001082 /* Debug */,
			A5001083 /* Release */,
		);
		defaultConfigurationIsVisible = 0;
		defaultConfigurationName = Release;
	};
	AD2C7ED08993D3CD4910A1FF /* Build configuration list for PBXNativeTarget "cmuxUITests" */ = {
		isa = XCConfigurationList;
		buildConfigurations = (
			C117776A77E71D1432F570D7 /* Debug */,
			442A6A86CAC6E8AD27FDD8F2 /* Release */,
		);
		defaultConfigurationIsVisible = 0;
		defaultConfigurationName = Release;
	};
	F1000010A1B2C3D4E5F60718 /* Build configuration list for PBXNativeTarget "cmuxTests" */ = {
		isa = XCConfigurationList;
		buildConfigurations = (
			F1000011A1B2C3D4E5F60718 /* Debug */,
			F1000012A1B2C3D4E5F60718 /* Release */,
		);
		defaultConfigurationIsVisible = 0;
		defaultConfigurationName = Release;
	};
	B9000007A1B2C3D4E5F60719 /* Build configuration list for PBXNativeTarget "cmux-cli" */ = {
		isa = XCConfigurationList;
		buildConfigurations = (
			B9000008A1B2C3D4E5F60719 /* Debug */,
			B9000009A1B2C3D4E5F60719 /* Release */,
		);
		defaultConfigurationIsVisible = 0;
		defaultConfigurationName = Release;
	};
	A5001071 /* Build configuration list for PBXProject "GhosttyTabs" */ = {
			isa = XCConfigurationList;
			buildConfigurations = (
				A5001080 /* Debug */,
				A5001081 /* Release */,
			);
			defaultConfigurationIsVisible = 0;
			defaultConfigurationName = Release;
		};
/* End XCConfigurationList section */
	};
	rootObject = A5001070 /* Project object */;
}
